{
  "name": "mern-boilerplate",
  "version": "1.0.0",
  "lockfileVersion": 1,
  "requires": true,
  "dependencies": {
    "debug": {
      "version": "2.6.9",
      "resolved": "https://registry.npmjs.org/debug/-/debug-2.6.9.tgz",
      "integrity": "sha512-bC7ElrdJaJnPbAP+1EotYvqZsb3ecl5wi6Bfi6BJTUcNowp6cvspg0jXznRTKDjm/E7AdgFBVeAPVMNcKGsHMA==",
      "requires": {
        "ms": "2.0.0"
      }
    },
    "js-tokens": {
      "version": "4.0.0",
      "resolved": "https://registry.npmjs.org/js-tokens/-/js-tokens-4.0.0.tgz",
      "integrity": "sha512-RdJUflcE3cUzKiMqQgsCu06FPu9UdIJO0beYbPhHN4k6apgJtifcoCtT9bcxOpYBtpD2kCM6Sbzg4CausW/PKQ=="
    },
    "jsonp": {
      "version": "0.2.1",
      "resolved": "https://registry.npmjs.org/jsonp/-/jsonp-0.2.1.tgz",
      "integrity": "sha512-pfog5gdDxPdV4eP7Kg87M8/bHgshlZ5pybl+yKxAnCZ5O7lCIn7Ixydj03wOlnDQesky2BPyA91SQ+5Y/mNwzw==",
      "requires": {
        "debug": "^2.1.3"
      }
    },
    "loose-envify": {
      "version": "1.4.0",
      "resolved": "https://registry.npmjs.org/loose-envify/-/loose-envify-1.4.0.tgz",
      "integrity": "sha512-lyuxPGr/Wfhrlem2CL/UcnUc1zcqKAImBDzukY7Y5F/yQiNdko6+fRLevlw1HgMySw7f611UIY408EtxRSoK3Q==",
      "requires": {
        "js-tokens": "^3.0.0 || ^4.0.0"
      }
    },
    "ms": {
      "version": "2.0.0",
      "resolved": "https://registry.npmjs.org/ms/-/ms-2.0.0.tgz",
      "integrity": "sha512-Tpp60P6IUJDTuOq/5Z8cdskzJujfwqfOTkrwIwj7IRISpnkJnT6SyJ4PCPnGMoFjC9ddhal5KVIYtAt97ix05A=="
    },
    "object-assign": {
      "version": "4.1.1",
      "resolved": "https://registry.npmjs.org/object-assign/-/object-assign-4.1.1.tgz",
      "integrity": "sha512-rJgTQnkUnH1sFw8yT6VSU3zD3sWmu6sZhIseY8VX+GRu3P6F7Fu+JNDoXfklElbLJSnc3FUQHVe4cU5hj+BcUg=="
    },
    "prop-types": {
      "version": "15.8.1",
      "resolved": "https://registry.npmjs.org/prop-types/-/prop-types-15.8.1.tgz",
      "integrity": "sha512-oj87CgZICdulUohogVAR7AjlC0327U4el4L6eAvOqCeudMDVU0NThNaV+b9Df4dXgSP1gXMTnPdhfe/2qDH5cg==",
      "requires": {
        "loose-envify": "^1.4.0",
        "object-assign": "^4.1.1",
        "react-is": "^16.13.1"
      }
    },
    "react-is": {
      "version": "16.13.1",
      "resolved": "https://registry.npmjs.org/react-is/-/react-is-16.13.1.tgz",
      "integrity": "sha512-24e6ynE2H+OKt4kqsOvNd8kBpV65zoxbA4BVsEOB3ARVWQki/DHzaUoC5KuON/BiccDaCCTZBuOcfZs70kR8bQ=="
    },
    "react-mailchimp-subscribe": {
      "version": "2.1.3",
      "resolved": "https://registry.npmjs.org/react-mailchimp-subscribe/-/react-mailchimp-subscribe-2.1.3.tgz",
      "integrity": "sha512-ZRuPZMnX/9pHQLnAQavsgB5xIF+gNqjNCCq1vvTs23cn+93W2oOp17qjg3LpDBEt1HJi6IHXMwpKXn0taY8FHw==",
      "requires": {
        "jsonp": "^0.2.1",
        "prop-types": "^15.5.10",
        "to-querystring": "^1.0.4"
      }
    },
    "to-querystring": {
      "version": "1.1.1",
      "resolved": "https://registry.npmjs.org/to-querystring/-/to-querystring-1.1.1.tgz",
      "integrity": "sha512-ZgIacl9TXAoT7sGXUYjQiy0MW7Tf/7CJQLt757hYHfXXc8JBzOVBMx4DckqKUO4hi36J72/m8UcH/GCHK+n97g=="
    },
    "tsparticles-confetti": {
      "version": "2.9.3",
      "resolved": "https://registry.npmjs.org/tsparticles-confetti/-/tsparticles-confetti-2.9.3.tgz",
      "integrity": "sha512-+w35tEgfCHHuu9kDVM5tcXV9nXS0KNzJXldfDaVeMUh/SQs3Hv7d2ZaeC6CnxEVDfioTPv2EFAV0V/dwHgL+Kg==",
      "requires": {
        "tsparticles-engine": "^2.9.3",
        "tsparticles-move-base": "^2.9.3",
        "tsparticles-plugin-emitters": "^2.9.3",
        "tsparticles-plugin-motion": "^2.9.3",
        "tsparticles-shape-cards": "^2.9.3",
        "tsparticles-shape-circle": "^2.9.3",
        "tsparticles-shape-heart": "^2.9.3",
        "tsparticles-shape-image": "^2.9.3",
        "tsparticles-shape-polygon": "^2.9.3",
        "tsparticles-shape-square": "^2.9.3",
        "tsparticles-shape-star": "^2.9.3",
        "tsparticles-shape-text": "^2.9.3",
        "tsparticles-updater-angle": "^2.9.3",
        "tsparticles-updater-color": "^2.9.3",
        "tsparticles-updater-life": "^2.9.3",
        "tsparticles-updater-opacity": "^2.9.3",
        "tsparticles-updater-out-modes": "^2.9.3",
        "tsparticles-updater-roll": "^2.9.3",
        "tsparticles-updater-size": "^2.9.3",
        "tsparticles-updater-tilt": "^2.9.3",
        "tsparticles-updater-wobble": "^2.9.3"
      }
    },
    "tsparticles-engine": {
      "version": "2.9.3",
      "resolved": "https://registry.npmjs.org/tsparticles-engine/-/tsparticles-engine-2.9.3.tgz",
      "integrity": "sha512-iAD8LyRH//kx10fDMm6AfQV6dRHs1ZacUUHqVwfutcqM4x1IV2ygpjk0X87LKCnBxYeIMG78+tlxXpnpwUccOg=="
    },
    "tsparticles-move-base": {
      "version": "2.9.3",
      "resolved": "https://registry.npmjs.org/tsparticles-move-base/-/tsparticles-move-base-2.9.3.tgz",
      "integrity": "sha512-6/uO7N9HbVJokG8sjPF8YjJzkcnwELoZEkaiABX0mGxdICYCyjpjOdOfwF7UCf8Ctqh2/kxQjv4fk0Aj2Z3nag==",
      "requires": {
        "tsparticles-engine": "^2.9.3"
      }
    },
    "tsparticles-plugin-emitters": {
      "version": "2.9.3",
      "resolved": "https://registry.npmjs.org/tsparticles-plugin-emitters/-/tsparticles-plugin-emitters-2.9.3.tgz",
      "integrity": "sha512-G0rs7lL9xjbFGkWr+XDsDpyghTjiHq7oPAZyUe0c/3p0JETwQgZ63/egluYU1p3uWJj34KjgjHD3GZqjyfI95Q==",
      "requires": {
        "tsparticles-engine": "^2.9.3"
      }
    },
    "tsparticles-plugin-motion": {
      "version": "2.9.3",
      "resolved": "https://registry.npmjs.org/tsparticles-plugin-motion/-/tsparticles-plugin-motion-2.9.3.tgz",
      "integrity": "sha512-VUDhNO5PTCkub392FPFDEri1hTpUFJDFMUuLF537gUlpft57lgEtTetoNCyR/6q9gLl2M/jcMZgiQkFqLa1Qgg==",
      "requires": {
        "tsparticles-engine": "^2.9.3"
      }
    },
    "tsparticles-shape-cards": {
      "version": "2.9.3",
      "resolved": "https://registry.npmjs.org/tsparticles-shape-cards/-/tsparticles-shape-cards-2.9.3.tgz",
      "integrity": "sha512-1agei5hqZ6xsn8UAEnCvlGZcoTTgy9Dle2sDpFBR17KxRmtJkD/XgtQrDv9xWiB6JIG5FiLpGXDGR65KgeEKyA==",
      "requires": {
        "tsparticles-engine": "^2.9.3"
      }
    },
    "tsparticles-shape-circle": {
      "version": "2.9.3",
      "resolved": "https://registry.npmjs.org/tsparticles-shape-circle/-/tsparticles-shape-circle-2.9.3.tgz",
      "integrity": "sha512-d+PjFELhoCzPf2G+XKIew3Ho/Ql2fHzY0TrrIKVHzHufqWdQCWrhxNri2v0POLJFkcIYqvFThxM23I/cyKPgQw==",
      "requires": {
        "tsparticles-engine": "^2.9.3"
      }
    },
    "tsparticles-shape-heart": {
      "version": "2.9.3",
      "resolved": "https://registry.npmjs.org/tsparticles-shape-heart/-/tsparticles-shape-heart-2.9.3.tgz",
      "integrity": "sha512-AsRbzKYIB5rLyXU3vBS4uDthCSCwb9KMdRI2OV3sawPxtWAprYnjtTDDAhnz8ETxbw0E0lNMoDf6qYioTlRwJQ==",
      "requires": {
        "tsparticles-engine": "^2.9.3"
      }
    },
    "tsparticles-shape-image": {
      "version": "2.9.3",
      "resolved": "https://registry.npmjs.org/tsparticles-shape-image/-/tsparticles-shape-image-2.9.3.tgz",
      "integrity": "sha512-yV3FAcqJ91EYG59OJ1SmShbogVs/uyk12u6LFTJnD2pmfdNwTeGpKMr3Cus5xJHQwJnFWufwkpOlBUxw55J/5g==",
      "requires": {
        "tsparticles-engine": "^2.9.3"
      }
    },
    "tsparticles-shape-polygon": {
      "version": "2.9.3",
      "resolved": "https://registry.npmjs.org/tsparticles-shape-polygon/-/tsparticles-shape-polygon-2.9.3.tgz",
      "integrity": "sha512-qw580qr2VQveN1Q3kllhieW4GzB3t8fjlIRKZ0QG05npCG+ewBdXbD5G/9yfjGa1fTwCbHCfLoAFojjV15MBmg==",
      "requires": {
        "tsparticles-engine": "^2.9.3"
      }
    },
    "tsparticles-shape-square": {
      "version": "2.9.3",
      "resolved": "https://registry.npmjs.org/tsparticles-shape-square/-/tsparticles-shape-square-2.9.3.tgz",
      "integrity": "sha512-VjRNALTt34arsN2UAxaWa43gvdaQQbk7OluLB912u1UzLFbdCccE/sr7pjyLqYaf6F+ndnjnzVygNb/kRxX1uQ==",
      "requires": {
        "tsparticles-engine": "^2.9.3"
      }
    },
    "tsparticles-shape-star": {
      "version": "2.9.3",
      "resolved": "https://registry.npmjs.org/tsparticles-shape-star/-/tsparticles-shape-star-2.9.3.tgz",
      "integrity": "sha512-/nJdrHEq05dcVwLK+8i+QD3do+RNWrSvU1efVsOMzgLajH5s2mlSfyFcUSCQrmnmP7d6MpYZpbxa2KnpDSfW8g==",
      "requires": {
        "tsparticles-engine": "^2.9.3"
      }
    },
    "tsparticles-shape-text": {
      "version": "2.9.3",
      "resolved": "https://registry.npmjs.org/tsparticles-shape-text/-/tsparticles-shape-text-2.9.3.tgz",
      "integrity": "sha512-V9U8VE2am1JWabiHAhTzAg0uG8j92BnfwmgRfWjg/w4eMFF2uyyBHQDHIFzhZFDbDbqIxttXngkfivAqRdUzhw==",
      "requires": {
        "tsparticles-engine": "^2.9.3"
      }
    },
    "tsparticles-updater-angle": {
      "version": "2.9.3",
      "resolved": "https://registry.npmjs.org/tsparticles-updater-angle/-/tsparticles-updater-angle-2.9.3.tgz",
      "integrity": "sha512-Z8VLOw2UUxrvV3YH44My5kmeBUcJUHTSCMRUIqFvgvxDs0Q/g2eVWkr1L+Crpw6PE5FJMdDGWRjWwxMwNdVfuQ==",
      "requires": {
        "tsparticles-engine": "^2.9.3"
      }
    },
    "tsparticles-updater-color": {
      "version": "2.9.3",
      "resolved": "https://registry.npmjs.org/tsparticles-updater-color/-/tsparticles-updater-color-2.9.3.tgz",
      "integrity": "sha512-eBJ7ZNsG3uCQlpfEf2FocsHLlMnd/vgWPZtOr2Iu7KA2OR3zy7u62D/oiRZkZEWtjhh5GlPrsy7njo6oToRBNQ==",
      "requires": {
        "tsparticles-engine": "^2.9.3"
      }
    },
    "tsparticles-updater-life": {
      "version": "2.9.3",
      "resolved": "https://registry.npmjs.org/tsparticles-updater-life/-/tsparticles-updater-life-2.9.3.tgz",
      "integrity": "sha512-VUeWBCLKoLd69+C9CFHjVG0SaqCbMgQqag6NIGMqTmaaZNFcn1H8rheIG9NU70UOTsYRMPfwmZK1SKnqAK6jQQ==",
      "requires": {
        "tsparticles-engine": "^2.9.3"
      }
    },
    "tsparticles-updater-opacity": {
      "version": "2.9.3",
      "resolved": "https://registry.npmjs.org/tsparticles-updater-opacity/-/tsparticles-updater-opacity-2.9.3.tgz",
      "integrity": "sha512-ON5t2qeegnm+MsmaF6ZvhUmKLzk/zXozsw9Dsgw8iJYX8WmQmp2VC72COTzADW495ovwGjBiR1KFelM/GVfHgg==",
      "requires": {
        "tsparticles-engine": "^2.9.3"
      }
    },
    "tsparticles-updater-out-modes": {
      "version": "2.9.3",
      "resolved": "https://registry.npmjs.org/tsparticles-updater-out-modes/-/tsparticles-updater-out-modes-2.9.3.tgz",
      "integrity": "sha512-LEcAIeK8b3ovLGuuTob1L3o57XodqRuvDjtUT2TiNIC6cf3QMAnqujwAyvBLJrYAuwr7rG1fXEEt9tovFYg+tw==",
      "requires": {
        "tsparticles-engine": "^2.9.3"
      }
    },
    "tsparticles-updater-roll": {
      "version": "2.9.3",
      "resolved": "https://registry.npmjs.org/tsparticles-updater-roll/-/tsparticles-updater-roll-2.9.3.tgz",
      "integrity": "sha512-I/9vB1wA3RKwfeRPlw7nrxUW8uxcajwba+gxFEcIDx2C+OA2UVIuGzOQE59O2sppqLqwrcLOm3ayTt5se1qbpw==",
      "requires": {
        "tsparticles-engine": "^2.9.3"
      }
    },
    "tsparticles-updater-size": {
      "version": "2.9.3",
      "resolved": "https://registry.npmjs.org/tsparticles-updater-size/-/tsparticles-updater-size-2.9.3.tgz",
      "integrity": "sha512-6qQ8T+7wt/B4BD5K1LWEXrfan+h2utSY1zNhE1cTcAQUDrrU06g/tfMkbrpMdduu6RWwGtoC4OsciCnBuiLEYQ==",
      "requires": {
        "tsparticles-engine": "^2.9.3"
      }
    },
    "tsparticles-updater-tilt": {
      "version": "2.9.3",
      "resolved": "https://registry.npmjs.org/tsparticles-updater-tilt/-/tsparticles-updater-tilt-2.9.3.tgz",
      "integrity": "sha512-x1EDyvBfqgBh1021lohf2shn+V6U9WhMasGD+fKugwRxNZ0nAe5DK0wop/26L2MUIb+AbIg2sXPdxuv1zE7G7w==",
      "requires": {
        "tsparticles-engine": "^2.9.3"
      }
    },
    "tsparticles-updater-wobble": {
      "version": "2.9.3",
      "resolved": "https://registry.npmjs.org/tsparticles-updater-wobble/-/tsparticles-updater-wobble-2.9.3.tgz",
      "integrity": "sha512-/Doid0P/OjaO9cUzD/Z3j0GNA+8X3DUvVsOo/5mPt914PJBbcWYGpweE8u75ZPcHe9OM5u6CHFMf3PMurCEBCw==",
      "requires": {
        "tsparticles-engine": "^2.9.3"
      }
    }
  }
}
